
Microsoft Visual Studio Solution File, Format Version 12.00
# Visual Studio Version 18
VisualStudioVersion = 18.1.11312.151
MinimumVisualStudioVersion = 10.0.40219.1
Project("{2150E333-8FDC-42A3-9474-1A3956D46DE8}") = ".sln", ".sln", "{A1A96555-15B1-4A0C-ADC1-059CEAA3F788}"
	ProjectSection(SolutionItems) = preProject
		.editorconfig = .editorconfig
		.gitattributes = .gitattributes
		.gitignore = .gitignore
	EndProjectSection
EndProject
Project("{FAE04EC0-301F-11D3-BF4B-00C04F79EFBC}") = "CSharpLatest.Attributes", "CSharpLatest.Attributes\CSharpLatest.Attributes.csproj", "{0B08AFA1-59E6-EE2B-C6BA-F5CF1851F07D}"
EndProject
Global
	GlobalSection(SolutionConfigurationPlatforms) = preSolution
		Debug|x64 = Debug|x64
		Release|x64 = Release|x64
	EndGlobalSection
	GlobalSection(ProjectConfigurationPlatforms) = postSolution
		{0B08AFA1-59E6-EE2B-C6BA-F5CF1851F07D}.Debug|x64.ActiveCfg = Debug|x64
		{0B08AFA1-59E6-EE2B-C6BA-F5CF1851F07D}.Debug|x64.Build.0 = Debug|x64
		{0B08AFA1-59E6-EE2B-C6BA-F5CF1851F07D}.Release|x64.ActiveCfg = Release|x64
		{0B08AFA1-59E6-EE2B-C6BA-F5CF1851F07D}.Release|x64.Build.0 = Release|x64
	EndGlobalSection
	GlobalSection(SolutionProperties) = preSolution
		HideSolutionNode = FALSE
	EndGlobalSection
	GlobalSection(ExtensibilityGlobals) = postSolution
		SolutionGuid = {74906569-DBB4-4A2A-B83B-D200EB4BEF68}
	EndGlobalSection
EndGlobal
